{
  "version": 4,
  "terraform_version": "1.1.3",
  "serial": 24,
  "lineage": "169c81b7-79c1-f7f9-2531-72c3726bfa94",
  "outputs": {
    "access_key": {
      "value": "WfrA4riGoi9Q_MR3AR7t",
      "type": "string"
    },
    "external_ip_address_vm_1": {
      "value": "62.84.119.172",
      "type": "string"
    },
    "internal_ip_address_vm_1": {
      "value": "192.168.10.14",
      "type": "string"
    }
  },
  "resources": [
    {
      "mode": "data",
      "type": "yandex_compute_image",
      "name": "my_image",
      "provider": "provider[\"registry.terraform.io/yandex-cloud/yandex\"]",
      "instances": [
        {
          "schema_version": 0,
          "attributes": {
            "created_at": "2022-01-17T10:38:03Z",
            "description": "centos 8",
            "family": "centos-8",
            "folder_id": "standard-images",
            "id": "fd8baskja1t8rcjt19ma",
            "image_id": "fd8baskja1t8rcjt19ma",
            "labels": {},
            "min_disk_size": 10,
            "name": "centos-8-v20220117",
            "os_type": "linux",
            "pooled": true,
            "product_ids": [
              "f2e75mds5t9sos73ut48"
            ],
            "size": 2,
            "status": "ready"
          },
          "sensitive_attributes": []
        }
      ]
    },
    {
      "mode": "managed",
      "type": "yandex_compute_instance",
      "name": "vm-1",
      "provider": "provider[\"registry.terraform.io/yandex-cloud/yandex\"]",
      "instances": [
        {
          "schema_version": 1,
          "attributes": {
            "allow_stopping_for_update": null,
            "boot_disk": [
              {
                "auto_delete": true,
                "device_name": "fhme3hkna5i7vd230t67",
                "disk_id": "fhme3hkna5i7vd230t67",
                "initialize_params": [
                  {
                    "block_size": 4096,
                    "description": "",
                    "image_id": "fd8baskja1t8rcjt19ma",
                    "name": "",
                    "size": 10,
                    "snapshot_id": "",
                    "type": "network-hdd"
                  }
                ],
                "mode": "READ_WRITE"
              }
            ],
            "created_at": "2022-01-23T14:21:21Z",
            "description": "",
            "folder_id": "b1gnsqbt87s9heit3avt",
            "fqdn": "fhmhk1avaug1vudb051g.auto.internal",
            "hostname": "fhmhk1avaug1vudb051g",
            "id": "fhmhk1avaug1vudb051g",
            "labels": null,
            "metadata": {
              "ssh-keys": "aadmin2:ssh-rsa AAAAB3NzaC1yc2EAAAADAQABAAABgQCjXpSuDI4fp3lU5rLum6oALD2L7MNkSyJ5HJbETIkvvgxanLPSGBKWVC+/G1E4A5ZDeBZfgonOD9jyIMSsMz6TOGKbnkZEA6hQVt/Uz1ofrXquVjwOyV4R+jWWQdjgIyryrK6Eus8UmkLUwWnPqtdFovzzcENWrJfkFAku3TozTfBELJjZyyKOfDe4M6SKIEWdy0aqVB/GKsuwjCm2WOo7gYkfR970wTzalNNSRvZ8sEjkMka4zeYH7tBoAoRVvL2XzagnJDQac/sBO8eHMgwKpByBd8U7vVBrEWlW/wN/af4G1ThrGQA7561lauJAndLTv6GfGSdHc2zcsD3EpgQqXF4Z7i9eln9VcvXu7n1GtX55k3aZaJhrHiKF53t7EVNGwbLjll+xmXTZpDT2Tt1aaDw1LuPIVAaNuqathFxQ4fwuA3XRgywM6bdgXdHzcqTSvFemyTmEw/vh2Jb5alAMA18H+5+al40T/C2CgP9m3jEMFJV5F1JTN1JC16Fiw80= ilia2@pc1\n"
            },
            "name": "terraform1",
            "network_acceleration_type": "standard",
            "network_interface": [
              {
                "dns_record": [],
                "index": 0,
                "ip_address": "192.168.10.14",
                "ipv4": true,
                "ipv6": false,
                "ipv6_address": "",
                "ipv6_dns_record": [],
                "mac_address": "d0:0d:11:a0:55:f5",
                "nat": true,
                "nat_dns_record": [],
                "nat_ip_address": "62.84.119.172",
                "nat_ip_version": "IPV4",
                "security_group_ids": [],
                "subnet_id": "e9b4lho839cmka09pob1"
              }
            ],
            "placement_policy": [
              {
                "placement_group_id": ""
              }
            ],
            "platform_id": "standard-v1",
            "resources": [
              {
                "core_fraction": 100,
                "cores": 2,
                "gpus": 0,
                "memory": 2
              }
            ],
            "scheduling_policy": [
              {
                "preemptible": false
              }
            ],
            "secondary_disk": [],
            "service_account_id": "",
            "status": "running",
            "timeouts": null,
            "zone": "ru-central1-a"
          },
          "sensitive_attributes": [],
          "private": "eyJlMmJmYjczMC1lY2FhLTExZTYtOGY4OC0zNDM2M2JjN2M0YzAiOnsiY3JlYXRlIjozMDAwMDAwMDAwMDAsImRlbGV0ZSI6MzAwMDAwMDAwMDAwLCJ1cGRhdGUiOjMwMDAwMDAwMDAwMH0sInNjaGVtYV92ZXJzaW9uIjoiMSJ9",
          "dependencies": [
            "data.yandex_compute_image.my_image",
            "yandex_vpc_subnet.subnet-1"
          ]
        }
      ]
    },
    {
      "mode": "managed",
      "type": "yandex_storage_bucket",
      "name": "bucket1",
      "provider": "provider[\"registry.terraform.io/yandex-cloud/yandex\"]",
      "instances": [
        {
          "schema_version": 0,
          "attributes": {
            "access_key": "WfrA4riGoi9Q_MR3AR7t",
            "acl": "private",
            "bucket": "mybacket1",
            "bucket_domain_name": "mybacket1.storage.yandexcloud.net",
            "bucket_prefix": null,
            "cors_rule": [],
            "force_destroy": false,
            "grant": [],
            "id": "mybacket1",
            "lifecycle_rule": [],
            "logging": [],
            "policy": null,
            "secret_key": "xq9aqGnniYSeo_1J4Dju5o0ZJMquupH01ejYvrcb",
            "server_side_encryption_configuration": [],
            "versioning": [
              {
                "enabled": false
              }
            ],
            "website": [],
            "website_domain": null,
            "website_endpoint": null
          },
          "sensitive_attributes": [],
          "private": "bnVsbA=="
        }
      ]
    },
    {
      "mode": "managed",
      "type": "yandex_vpc_network",
      "name": "network-1",
      "provider": "provider[\"registry.terraform.io/yandex-cloud/yandex\"]",
      "instances": [
        {
          "schema_version": 0,
          "attributes": {
            "created_at": "2022-01-16T12:29:36Z",
            "default_security_group_id": "",
            "description": "",
            "folder_id": "b1gnsqbt87s9heit3avt",
            "id": "enpv6nk5g1ennp6bt3ro",
            "labels": {},
            "name": "network1",
            "subnet_ids": [
              "e9b4lho839cmka09pob1"
            ],
            "timeouts": null
          },
          "sensitive_attributes": [],
          "private": "eyJlMmJmYjczMC1lY2FhLTExZTYtOGY4OC0zNDM2M2JjN2M0YzAiOnsiY3JlYXRlIjo2MDAwMDAwMDAwMCwiZGVsZXRlIjo2MDAwMDAwMDAwMCwidXBkYXRlIjo2MDAwMDAwMDAwMH19"
        }
      ]
    },
    {
      "mode": "managed",
      "type": "yandex_vpc_subnet",
      "name": "subnet-1",
      "provider": "provider[\"registry.terraform.io/yandex-cloud/yandex\"]",
      "instances": [
        {
          "schema_version": 0,
          "attributes": {
            "created_at": "2022-01-16T12:29:37Z",
            "description": "",
            "dhcp_options": [],
            "folder_id": "b1gnsqbt87s9heit3avt",
            "id": "e9b4lho839cmka09pob1",
            "labels": {},
            "name": "subnet1",
            "network_id": "enpv6nk5g1ennp6bt3ro",
            "route_table_id": "",
            "timeouts": null,
            "v4_cidr_blocks": [
              "192.168.10.0/24"
            ],
            "v6_cidr_blocks": [],
            "zone": "ru-central1-a"
          },
          "sensitive_attributes": [],
          "private": "eyJlMmJmYjczMC1lY2FhLTExZTYtOGY4OC0zNDM2M2JjN2M0YzAiOnsiY3JlYXRlIjoxODAwMDAwMDAwMDAsImRlbGV0ZSI6MTgwMDAwMDAwMDAwLCJ1cGRhdGUiOjE4MDAwMDAwMDAwMH19",
          "dependencies": [
            "yandex_vpc_network.network-1"
          ]
        }
      ]
    }
  ]
}
