{
  "version": 4,
  "terraform_version": "1.1.3",
  "serial": 24,
  "lineage": "136da638-25fd-7749-ae20-9fc4c66e7fd7",
  "outputs": {
    "external_ip_address_vm_1": {
      "value": "51.250.7.192",
      "type": "string"
    },
    "external_ip_address_vm_2": {
      "value": "51.250.7.192",
      "type": "string"
    },
    "internal_ip_address_vm_1": {
      "value": "192.168.10.22",
      "type": "string"
    },
    "internal_ip_address_vm_2": {
      "value": "192.168.10.22",
      "type": "string"
    }
  },
  "resources": [
    {
      "mode": "data",
      "type": "yandex_compute_image",
      "name": "my_image11",
      "provider": "provider[\"registry.terraform.io/yandex-cloud/yandex\"]",
      "instances": [
        {
          "schema_version": 0,
          "attributes": {
            "created_at": "2022-01-24T10:38:09Z",
            "description": "LEMP",
            "family": "lemp",
            "folder_id": "standard-images",
            "id": "fd8colc46fjvcbpi38cn",
            "image_id": "fd8colc46fjvcbpi38cn",
            "labels": {},
            "min_disk_size": 3,
            "name": "lemp-v20220124",
            "os_type": "linux",
            "pooled": true,
            "product_ids": [
              "f2ejfhfe5borfqsm87mn",
              "f2ejtsua21eegoprapog"
            ],
            "size": 2,
            "status": "ready"
          },
          "sensitive_attributes": []
        }
      ]
    },
    {
      "mode": "data",
      "type": "yandex_compute_image",
      "name": "my_image22",
      "provider": "provider[\"registry.terraform.io/yandex-cloud/yandex\"]",
      "instances": [
        {
          "schema_version": 0,
          "attributes": {
            "created_at": "2022-01-24T11:03:27Z",
            "description": "LAMP",
            "family": "lamp",
            "folder_id": "standard-images",
            "id": "fd80sck00uh100at60tu",
            "image_id": "fd80sck00uh100at60tu",
            "labels": {},
            "min_disk_size": 3,
            "name": "lamp-v20220124",
            "os_type": "linux",
            "pooled": true,
            "product_ids": [
              "f2e9cl78ru2imunods64",
              "f2ejfhfe5borfqsm87mn"
            ],
            "size": 2,
            "status": "ready"
          },
          "sensitive_attributes": []
        }
      ]
    },
    {
      "mode": "managed",
      "type": "yandex_compute_instance",
      "name": "vm-1",
      "provider": "provider[\"registry.terraform.io/yandex-cloud/yandex\"]",
      "instances": [
        {
          "schema_version": 1,
          "attributes": {
            "allow_stopping_for_update": null,
            "boot_disk": [
              {
                "auto_delete": true,
                "device_name": "fhmu320f29icgpf46vbn",
                "disk_id": "fhmu320f29icgpf46vbn",
                "initialize_params": [
                  {
                    "block_size": 4096,
                    "description": "",
                    "image_id": "fd8colc46fjvcbpi38cn",
                    "name": "",
                    "size": 3,
                    "snapshot_id": "",
                    "type": "network-hdd"
                  }
                ],
                "mode": "READ_WRITE"
              }
            ],
            "created_at": "2022-01-24T22:09:56Z",
            "description": "",
            "folder_id": "b1gnsqbt87s9heit3avt",
            "fqdn": "fhms1kfuh57glq8ivnp9.auto.internal",
            "hostname": "fhms1kfuh57glq8ivnp9",
            "id": "fhms1kfuh57glq8ivnp9",
            "labels": {},
            "metadata": {
              "ssh-keys": "admin2:ssh-rsa AAAAB3NzaC1yc2EAAAADAQABAAABgQCjXpSuDI4fp3lU5rLum6oALD2L7MNkSyJ5HJbETIkvvgxanLPSGBKWVC+/G1E4A5ZDeBZfgonOD9jyIMSsMz6TOGKbnkZEA6hQVt/Uz1ofrXquVjwOyV4R+jWWQdjgIyryrK6Eus8UmkLUwWnPqtdFovzzcENWrJfkFAku3TozTfBELJjZyyKOfDe4M6SKIEWdy0aqVB/GKsuwjCm2WOo7gYkfR970wTzalNNSRvZ8sEjkMka4zeYH7tBoAoRVvL2XzagnJDQac/sBO8eHMgwKpByBd8U7vVBrEWlW/wN/af4G1ThrGQA7561lauJAndLTv6GfGSdHc2zcsD3EpgQqXF4Z7i9eln9VcvXu7n1GtX55k3aZaJhrHiKF53t7EVNGwbLjll+xmXTZpDT2Tt1aaDw1LuPIVAaNuqathFxQ4fwuA3XRgywM6bdgXdHzcqTSvFemyTmEw/vh2Jb5alAMA18H+5+al40T/C2CgP9m3jEMFJV5F1JTN1JC16Fiw80= aadmin2\n"
            },
            "name": "lemp11",
            "network_acceleration_type": "standard",
            "network_interface": [
              {
                "dns_record": [],
                "index": 0,
                "ip_address": "192.168.10.22",
                "ipv4": true,
                "ipv6": false,
                "ipv6_address": "",
                "ipv6_dns_record": [],
                "mac_address": "d0:0d:1c:0d:1f:e8",
                "nat": true,
                "nat_dns_record": [],
                "nat_ip_address": "51.250.7.192",
                "nat_ip_version": "IPV4",
                "security_group_ids": [],
                "subnet_id": "e9bidm57jovj090kakel"
              }
            ],
            "placement_policy": [
              {
                "placement_group_id": ""
              }
            ],
            "platform_id": "standard-v1",
            "resources": [
              {
                "core_fraction": 100,
                "cores": 2,
                "gpus": 0,
                "memory": 2
              }
            ],
            "scheduling_policy": [
              {
                "preemptible": false
              }
            ],
            "secondary_disk": [],
            "service_account_id": "",
            "status": "running",
            "timeouts": null,
            "zone": "ru-central1-a"
          },
          "sensitive_attributes": [],
          "private": "eyJlMmJmYjczMC1lY2FhLTExZTYtOGY4OC0zNDM2M2JjN2M0YzAiOnsiY3JlYXRlIjozMDAwMDAwMDAwMDAsImRlbGV0ZSI6MzAwMDAwMDAwMDAwLCJ1cGRhdGUiOjMwMDAwMDAwMDAwMH0sInNjaGVtYV92ZXJzaW9uIjoiMSJ9",
          "dependencies": [
            "data.yandex_compute_image.my_image11",
            "yandex_vpc_network.network-1",
            "yandex_vpc_subnet.subnet-1"
          ]
        }
      ]
    },
    {
      "mode": "managed",
      "type": "yandex_compute_instance",
      "name": "vm-2",
      "provider": "provider[\"registry.terraform.io/yandex-cloud/yandex\"]",
      "instances": [
        {
          "schema_version": 1,
          "attributes": {
            "allow_stopping_for_update": null,
            "boot_disk": [
              {
                "auto_delete": true,
                "device_name": "fhm7bmm20dd8832e6nmg",
                "disk_id": "fhm7bmm20dd8832e6nmg",
                "initialize_params": [
                  {
                    "block_size": 4096,
                    "description": "",
                    "image_id": "fd80sck00uh100at60tu",
                    "name": "",
                    "size": 3,
                    "snapshot_id": "",
                    "type": "network-hdd"
                  }
                ],
                "mode": "READ_WRITE"
              }
            ],
            "created_at": "2022-01-24T22:09:56Z",
            "description": "",
            "folder_id": "b1gnsqbt87s9heit3avt",
            "fqdn": "fhm0nj45qusdvklgj4fk.auto.internal",
            "hostname": "fhm0nj45qusdvklgj4fk",
            "id": "fhm0nj45qusdvklgj4fk",
            "labels": {},
            "metadata": {
              "ssh-keys": "admin2:ssh-rsa AAAAB3NzaC1yc2EAAAADAQABAAABgQCjXpSuDI4fp3lU5rLum6oALD2L7MNkSyJ5HJbETIkvvgxanLPSGBKWVC+/G1E4A5ZDeBZfgonOD9jyIMSsMz6TOGKbnkZEA6hQVt/Uz1ofrXquVjwOyV4R+jWWQdjgIyryrK6Eus8UmkLUwWnPqtdFovzzcENWrJfkFAku3TozTfBELJjZyyKOfDe4M6SKIEWdy0aqVB/GKsuwjCm2WOo7gYkfR970wTzalNNSRvZ8sEjkMka4zeYH7tBoAoRVvL2XzagnJDQac/sBO8eHMgwKpByBd8U7vVBrEWlW/wN/af4G1ThrGQA7561lauJAndLTv6GfGSdHc2zcsD3EpgQqXF4Z7i9eln9VcvXu7n1GtX55k3aZaJhrHiKF53t7EVNGwbLjll+xmXTZpDT2Tt1aaDw1LuPIVAaNuqathFxQ4fwuA3XRgywM6bdgXdHzcqTSvFemyTmEw/vh2Jb5alAMA18H+5+al40T/C2CgP9m3jEMFJV5F1JTN1JC16Fiw80= aadmin2\n"
            },
            "name": "lemp22",
            "network_acceleration_type": "standard",
            "network_interface": [
              {
                "dns_record": [],
                "index": 0,
                "ip_address": "192.168.11.32",
                "ipv4": true,
                "ipv6": false,
                "ipv6_address": "",
                "ipv6_dns_record": [],
                "mac_address": "d0:0d:bc:c8:5d:7b",
                "nat": true,
                "nat_dns_record": [],
                "nat_ip_address": "51.250.3.70",
                "nat_ip_version": "IPV4",
                "security_group_ids": [],
                "subnet_id": "e9b28s33st1jjc2dkt5p"
              }
            ],
            "placement_policy": [
              {
                "placement_group_id": ""
              }
            ],
            "platform_id": "standard-v1",
            "resources": [
              {
                "core_fraction": 100,
                "cores": 2,
                "gpus": 0,
                "memory": 2
              }
            ],
            "scheduling_policy": [
              {
                "preemptible": false
              }
            ],
            "secondary_disk": [],
            "service_account_id": "",
            "status": "running",
            "timeouts": null,
            "zone": "ru-central1-a"
          },
          "sensitive_attributes": [],
          "private": "eyJlMmJmYjczMC1lY2FhLTExZTYtOGY4OC0zNDM2M2JjN2M0YzAiOnsiY3JlYXRlIjozMDAwMDAwMDAwMDAsImRlbGV0ZSI6MzAwMDAwMDAwMDAwLCJ1cGRhdGUiOjMwMDAwMDAwMDAwMH0sInNjaGVtYV92ZXJzaW9uIjoiMSJ9",
          "dependencies": [
            "yandex_vpc_network.network-1",
            "yandex_vpc_subnet.subnet-2",
            "data.yandex_compute_image.my_image22"
          ]
        }
      ]
    },
    {
      "mode": "managed",
      "type": "yandex_lb_network_load_balancer",
      "name": "foo",
      "provider": "provider[\"registry.terraform.io/yandex-cloud/yandex\"]",
      "instances": [
        {
          "schema_version": 0,
          "attributes": {
            "attached_target_group": [
              {
                "healthcheck": [
                  {
                    "healthy_threshold": 2,
                    "http_options": [
                      {
                        "path": "/",
                        "port": 80
                      }
                    ],
                    "interval": 2,
                    "name": "http",
                    "tcp_options": [],
                    "timeout": 1,
                    "unhealthy_threshold": 2
                  }
                ],
                "target_group_id": "enpgfe03m63muljrvfpj"
              }
            ],
            "created_at": "2022-01-24T22:10:27Z",
            "description": "",
            "folder_id": "b1gnsqbt87s9heit3avt",
            "id": "enpvo489th6cbg9vlegp",
            "labels": {},
            "listener": [
              {
                "external_address_spec": [
                  {
                    "address": "51.250.1.30",
                    "ip_version": "ipv4"
                  }
                ],
                "internal_address_spec": [],
                "name": "events-api-listener",
                "port": 80,
                "protocol": "tcp",
                "target_port": 80
              }
            ],
            "name": "events-api-lb",
            "region_id": "ru-central1",
            "timeouts": null,
            "type": "external"
          },
          "sensitive_attributes": [],
          "private": "eyJlMmJmYjczMC1lY2FhLTExZTYtOGY4OC0zNDM2M2JjN2M0YzAiOnsiY3JlYXRlIjozMDAwMDAwMDAwMDAsImRlbGV0ZSI6MzAwMDAwMDAwMDAwLCJ1cGRhdGUiOjMwMDAwMDAwMDAwMH19",
          "dependencies": [
            "yandex_lb_target_group.my-target-group"
          ]
        }
      ]
    },
    {
      "mode": "managed",
      "type": "yandex_lb_target_group",
      "name": "my-target-group",
      "provider": "provider[\"registry.terraform.io/yandex-cloud/yandex\"]",
      "instances": [
        {
          "schema_version": 0,
          "attributes": {
            "created_at": "2022-01-24T22:10:25Z",
            "description": "",
            "folder_id": "b1gnsqbt87s9heit3avt",
            "id": "enpgfe03m63muljrvfpj",
            "labels": {},
            "name": "my-target-group",
            "region_id": "ru-central1",
            "target": [
              {
                "address": "192.168.10.22",
                "subnet_id": "e9bidm57jovj090kakel"
              },
              {
                "address": "192.168.11.32",
                "subnet_id": "e9b28s33st1jjc2dkt5p"
              }
            ],
            "timeouts": null
          },
          "sensitive_attributes": [],
          "private": "eyJlMmJmYjczMC1lY2FhLTExZTYtOGY4OC0zNDM2M2JjN2M0YzAiOnsiY3JlYXRlIjozMDAwMDAwMDAwMDAsImRlbGV0ZSI6MzAwMDAwMDAwMDAwLCJ1cGRhdGUiOjMwMDAwMDAwMDAwMH19",
          "dependencies": [
            "data.yandex_compute_image.my_image11",
            "data.yandex_compute_image.my_image22",
            "yandex_compute_instance.vm-1",
            "yandex_compute_instance.vm-2",
            "yandex_vpc_network.network-1",
            "yandex_vpc_subnet.subnet-1",
            "yandex_vpc_subnet.subnet-2"
          ]
        }
      ]
    },
    {
      "mode": "managed",
      "type": "yandex_vpc_network",
      "name": "network-1",
      "provider": "provider[\"registry.terraform.io/yandex-cloud/yandex\"]",
      "instances": [
        {
          "schema_version": 0,
          "attributes": {
            "created_at": "2022-01-24T21:51:50Z",
            "default_security_group_id": "",
            "description": "",
            "folder_id": "b1gnsqbt87s9heit3avt",
            "id": "enpri4jfaroh0120o680",
            "labels": {},
            "name": "network1",
            "subnet_ids": [
              "e9b28s33st1jjc2dkt5p",
              "e9bidm57jovj090kakel"
            ],
            "timeouts": null
          },
          "sensitive_attributes": [],
          "private": "eyJlMmJmYjczMC1lY2FhLTExZTYtOGY4OC0zNDM2M2JjN2M0YzAiOnsiY3JlYXRlIjo2MDAwMDAwMDAwMCwiZGVsZXRlIjo2MDAwMDAwMDAwMCwidXBkYXRlIjo2MDAwMDAwMDAwMH19"
        }
      ]
    },
    {
      "mode": "managed",
      "type": "yandex_vpc_subnet",
      "name": "subnet-1",
      "provider": "provider[\"registry.terraform.io/yandex-cloud/yandex\"]",
      "instances": [
        {
          "schema_version": 0,
          "attributes": {
            "created_at": "2022-01-24T22:03:20Z",
            "description": "",
            "dhcp_options": [],
            "folder_id": "b1gnsqbt87s9heit3avt",
            "id": "e9bidm57jovj090kakel",
            "labels": {},
            "name": "subnet1",
            "network_id": "enpri4jfaroh0120o680",
            "route_table_id": "",
            "timeouts": null,
            "v4_cidr_blocks": [
              "192.168.10.0/24"
            ],
            "v6_cidr_blocks": [],
            "zone": "ru-central1-a"
          },
          "sensitive_attributes": [],
          "private": "eyJlMmJmYjczMC1lY2FhLTExZTYtOGY4OC0zNDM2M2JjN2M0YzAiOnsiY3JlYXRlIjoxODAwMDAwMDAwMDAsImRlbGV0ZSI6MTgwMDAwMDAwMDAwLCJ1cGRhdGUiOjE4MDAwMDAwMDAwMH19",
          "dependencies": [
            "yandex_vpc_network.network-1"
          ]
        }
      ]
    },
    {
      "mode": "managed",
      "type": "yandex_vpc_subnet",
      "name": "subnet-2",
      "provider": "provider[\"registry.terraform.io/yandex-cloud/yandex\"]",
      "instances": [
        {
          "schema_version": 0,
          "attributes": {
            "created_at": "2022-01-24T21:51:51Z",
            "description": "",
            "dhcp_options": [],
            "folder_id": "b1gnsqbt87s9heit3avt",
            "id": "e9b28s33st1jjc2dkt5p",
            "labels": {},
            "name": "subnet2",
            "network_id": "enpri4jfaroh0120o680",
            "route_table_id": "",
            "timeouts": null,
            "v4_cidr_blocks": [
              "192.168.11.0/24"
            ],
            "v6_cidr_blocks": [],
            "zone": "ru-central1-a"
          },
          "sensitive_attributes": [],
          "private": "eyJlMmJmYjczMC1lY2FhLTExZTYtOGY4OC0zNDM2M2JjN2M0YzAiOnsiY3JlYXRlIjoxODAwMDAwMDAwMDAsImRlbGV0ZSI6MTgwMDAwMDAwMDAwLCJ1cGRhdGUiOjE4MDAwMDAwMDAwMH19",
          "dependencies": [
            "yandex_vpc_network.network-1"
          ]
        }
      ]
    }
  ]
}
